
Microsoft Visual Studio Solution File, Format Version 12.00
# Visual Studio Version 17
VisualStudioVersion = 17.3.32929.385
MinimumVisualStudioVersion = 10.0.40219.1
Project("{9A19103F-16F7-4668-BE54-9A1E7A4F7556}") = "UsersCRUD", "UsersCRUD\UsersCRUD.csproj", "{2AA43AE9-7CE7-4088-A344-311CB917BF65}"
EndProject
Project("{2150E333-8FDC-42A3-9474-1A3956D46DE8}") = "1-Web", "1-Web", "{FD9BEC7B-0C6A-4CAC-9DBD-BEE8BA63F99A}"
EndProject
Project("{2150E333-8FDC-42A3-9474-1A3956D46DE8}") = "2-Application", "2-Application", "{5AB73036-8D88-45DB-B192-AC68167BEB24}"
EndProject
Project("{2150E333-8FDC-42A3-9474-1A3956D46DE8}") = "3-Domain", "3-Domain", "{E0D1D50A-A436-44DC-83E6-0F828E540792}"
EndProject
Project("{2150E333-8FDC-42A3-9474-1A3956D46DE8}") = "4-Infra", "4-Infra", "{9939B758-E4E1-4D84-A75F-68D04C32615A}"
EndProject
Project("{9A19103F-16F7-4668-BE54-9A1E7A4F7556}") = "UsersCRUD.Application", "UsersCRUD.Application\UsersCRUD.Application.csproj", "{9E721F57-20B8-4C1A-82A3-40B8D8074A92}"
EndProject
Project("{9A19103F-16F7-4668-BE54-9A1E7A4F7556}") = "UsersCRUD.Domain", "ClassLibrary1\UsersCRUD.Domain.csproj", "{0DCF3B04-F7C1-4D67-B917-91C9A2A3DDE1}"
EndProject
Project("{2150E333-8FDC-42A3-9474-1A3956D46DE8}") = "4.1-Data", "4.1-Data", "{02955AF7-F108-489F-AFCB-B5C83F835413}"
EndProject
Project("{2150E333-8FDC-42A3-9474-1A3956D46DE8}") = "4.2-CrossCutting", "4.2-CrossCutting", "{DB8A7E6F-5EA1-425F-B1ED-55E916C44526}"
EndProject
Project("{9A19103F-16F7-4668-BE54-9A1E7A4F7556}") = "UsersCRUD.Data", "UsersCRUD.Data\UsersCRUD.Data.csproj", "{C3BFEC8E-3829-4D48-B3B0-2F8BBB7FFA47}"
EndProject
Project("{9A19103F-16F7-4668-BE54-9A1E7A4F7556}") = "UsersCRUD.IoC", "UsersCRUD.IoC\UsersCRUD.IoC.csproj", "{08A384D7-B840-49F9-835E-8EEC933B048D}"
EndProject
Project("{FAE04EC0-301F-11D3-BF4B-00C04F79EFBC}") = "UsersCRUD.Swagger", "UsersCRUD.Swagger\UsersCRUD.Swagger.csproj", "{95B1CE6C-4FA8-4EC7-A6C7-A66079EA2B5D}"
EndProject
Global
	GlobalSection(SolutionConfigurationPlatforms) = preSolution
		Debug|Any CPU = Debug|Any CPU
		Release|Any CPU = Release|Any CPU
	EndGlobalSection
	GlobalSection(ProjectConfigurationPlatforms) = postSolution
		{2AA43AE9-7CE7-4088-A344-311CB917BF65}.Debug|Any CPU.ActiveCfg = Debug|Any CPU
		{2AA43AE9-7CE7-4088-A344-311CB917BF65}.Debug|Any CPU.Build.0 = Debug|Any CPU
		{2AA43AE9-7CE7-4088-A344-311CB917BF65}.Release|Any CPU.ActiveCfg = Release|Any CPU
		{2AA43AE9-7CE7-4088-A344-311CB917BF65}.Release|Any CPU.Build.0 = Release|Any CPU
		{9E721F57-20B8-4C1A-82A3-40B8D8074A92}.Debug|Any CPU.ActiveCfg = Debug|Any CPU
		{9E721F57-20B8-4C1A-82A3-40B8D8074A92}.Debug|Any CPU.Build.0 = Debug|Any CPU
		{9E721F57-20B8-4C1A-82A3-40B8D8074A92}.Release|Any CPU.ActiveCfg = Release|Any CPU
		{9E721F57-20B8-4C1A-82A3-40B8D8074A92}.Release|Any CPU.Build.0 = Release|Any CPU
		{0DCF3B04-F7C1-4D67-B917-91C9A2A3DDE1}.Debug|Any CPU.ActiveCfg = Debug|Any CPU
		{0DCF3B04-F7C1-4D67-B917-91C9A2A3DDE1}.Debug|Any CPU.Build.0 = Debug|Any CPU
		{0DCF3B04-F7C1-4D67-B917-91C9A2A3DDE1}.Release|Any CPU.ActiveCfg = Release|Any CPU
		{0DCF3B04-F7C1-4D67-B917-91C9A2A3DDE1}.Release|Any CPU.Build.0 = Release|Any CPU
		{C3BFEC8E-3829-4D48-B3B0-2F8BBB7FFA47}.Debug|Any CPU.ActiveCfg = Debug|Any CPU
		{C3BFEC8E-3829-4D48-B3B0-2F8BBB7FFA47}.Debug|Any CPU.Build.0 = Debug|Any CPU
		{C3BFEC8E-3829-4D48-B3B0-2F8BBB7FFA47}.Release|Any CPU.ActiveCfg = Release|Any CPU
		{C3BFEC8E-3829-4D48-B3B0-2F8BBB7FFA47}.Release|Any CPU.Build.0 = Release|Any CPU
		{08A384D7-B840-49F9-835E-8EEC933B048D}.Debug|Any CPU.ActiveCfg = Debug|Any CPU
		{08A384D7-B840-49F9-835E-8EEC933B048D}.Debug|Any CPU.Build.0 = Debug|Any CPU
		{08A384D7-B840-49F9-835E-8EEC933B048D}.Release|Any CPU.ActiveCfg = Release|Any CPU
		{08A384D7-B840-49F9-835E-8EEC933B048D}.Release|Any CPU.Build.0 = Release|Any CPU
		{95B1CE6C-4FA8-4EC7-A6C7-A66079EA2B5D}.Debug|Any CPU.ActiveCfg = Debug|Any CPU
		{95B1CE6C-4FA8-4EC7-A6C7-A66079EA2B5D}.Debug|Any CPU.Build.0 = Debug|Any CPU
		{95B1CE6C-4FA8-4EC7-A6C7-A66079EA2B5D}.Release|Any CPU.ActiveCfg = Release|Any CPU
		{95B1CE6C-4FA8-4EC7-A6C7-A66079EA2B5D}.Release|Any CPU.Build.0 = Release|Any CPU
	EndGlobalSection
	GlobalSection(SolutionProperties) = preSolution
		HideSolutionNode = FALSE
	EndGlobalSection
	GlobalSection(NestedProjects) = preSolution
		{2AA43AE9-7CE7-4088-A344-311CB917BF65} = {FD9BEC7B-0C6A-4CAC-9DBD-BEE8BA63F99A}
		{9E721F57-20B8-4C1A-82A3-40B8D8074A92} = {5AB73036-8D88-45DB-B192-AC68167BEB24}
		{0DCF3B04-F7C1-4D67-B917-91C9A2A3DDE1} = {E0D1D50A-A436-44DC-83E6-0F828E540792}
		{02955AF7-F108-489F-AFCB-B5C83F835413} = {9939B758-E4E1-4D84-A75F-68D04C32615A}
		{DB8A7E6F-5EA1-425F-B1ED-55E916C44526} = {9939B758-E4E1-4D84-A75F-68D04C32615A}
		{C3BFEC8E-3829-4D48-B3B0-2F8BBB7FFA47} = {02955AF7-F108-489F-AFCB-B5C83F835413}
		{08A384D7-B840-49F9-835E-8EEC933B048D} = {DB8A7E6F-5EA1-425F-B1ED-55E916C44526}
		{95B1CE6C-4FA8-4EC7-A6C7-A66079EA2B5D} = {DB8A7E6F-5EA1-425F-B1ED-55E916C44526}
	EndGlobalSection
	GlobalSection(ExtensibilityGlobals) = postSolution
		SolutionGuid = {14EDAC63-73D5-4BB3-9286-116D961DDB79}
	EndGlobalSection
EndGlobal
